
Microsoft Visual Studio Solution File, Format Version 12.00
# Visual Studio 15
VisualStudioVersion = 15.0.28010.2003
MinimumVisualStudioVersion = 10.0.40219.1
Project("{FAE04EC0-301F-11D3-BF4B-00C04F79EFBC}") = "ServAssistant.Android", "ServAssistant\ServAssistant.Android\ServAssistant.Android.csproj", "{2CC088E2-F2F4-40AD-8FFB-72AC9F7F29C9}"
EndProject
Project("{FAE04EC0-301F-11D3-BF4B-00C04F79EFBC}") = "ServAssistant", "ServAssistant\ServAssistant\ServAssistant.csproj", "{2AE81675-7863-4746-B4FF-EEFBD232137F}"
EndProject
Global
	GlobalSection(SolutionConfigurationPlatforms) = preSolution
		Debug|Any CPU = Debug|Any CPU
		Release|Any CPU = Release|Any CPU
	EndGlobalSection
	GlobalSection(ProjectConfigurationPlatforms) = postSolution
		{2CC088E2-F2F4-40AD-8FFB-72AC9F7F29C9}.Debug|Any CPU.ActiveCfg = Debug|Any CPU
		{2CC088E2-F2F4-40AD-8FFB-72AC9F7F29C9}.Debug|Any CPU.Build.0 = Debug|Any CPU
		{2CC088E2-F2F4-40AD-8FFB-72AC9F7F29C9}.Debug|Any CPU.Deploy.0 = Debug|Any CPU
		{2CC088E2-F2F4-40AD-8FFB-72AC9F7F29C9}.Release|Any CPU.ActiveCfg = Release|Any CPU
		{2CC088E2-F2F4-40AD-8FFB-72AC9F7F29C9}.Release|Any CPU.Build.0 = Release|Any CPU
		{2CC088E2-F2F4-40AD-8FFB-72AC9F7F29C9}.Release|Any CPU.Deploy.0 = Release|Any CPU
		{2AE81675-7863-4746-B4FF-EEFBD232137F}.Debug|Any CPU.ActiveCfg = Debug|Any CPU
		{2AE81675-7863-4746-B4FF-EEFBD232137F}.Debug|Any CPU.Build.0 = Debug|Any CPU
		{2AE81675-7863-4746-B4FF-EEFBD232137F}.Debug|Any CPU.Deploy.0 = Debug|Any CPU
		{2AE81675-7863-4746-B4FF-EEFBD232137F}.Release|Any CPU.ActiveCfg = Release|Any CPU
		{2AE81675-7863-4746-B4FF-EEFBD232137F}.Release|Any CPU.Build.0 = Release|Any CPU
		{2AE81675-7863-4746-B4FF-EEFBD232137F}.Release|Any CPU.Deploy.0 = Release|Any CPU
	EndGlobalSection
	GlobalSection(SolutionProperties) = preSolution
		HideSolutionNode = FALSE
	EndGlobalSection
	GlobalSection(ExtensibilityGlobals) = postSolution
		SolutionGuid = {1805E8FE-97FC-4F38-9CC3-ED24940F0A7C}
	EndGlobalSection
EndGlobal
